
Microsoft Visual Studio Solution File, Format Version 12.00
# Visual Studio Version 16
VisualStudioVersion = 16.0.31729.503
MinimumVisualStudioVersion = 10.0.40219.1
Project("{9A19103F-16F7-4668-BE54-9A1E7A4F7556}") = "manaTest", "manaTest.csproj", "{DBE57FB8-2DDB-4782-B66F-5BA2ABCFA368}"
EndProject
Project("{9A19103F-16F7-4668-BE54-9A1E7A4F7556}") = "mana_XUnit", "..\mana_XUnit\mana_XUnit.csproj", "{2A15FF89-9C14-4B3D-ACEC-88416F1BC3CB}"
EndProject
Global
	GlobalSection(SolutionConfigurationPlatforms) = preSolution
		Debug|Any CPU = Debug|Any CPU
		Release|Any CPU = Release|Any CPU
	EndGlobalSection
	GlobalSection(ProjectConfigurationPlatforms) = postSolution
		{DBE57FB8-2DDB-4782-B66F-5BA2ABCFA368}.Debug|Any CPU.ActiveCfg = Debug|Any CPU
		{DBE57FB8-2DDB-4782-B66F-5BA2ABCFA368}.Debug|Any CPU.Build.0 = Debug|Any CPU
		{DBE57FB8-2DDB-4782-B66F-5BA2ABCFA368}.Release|Any CPU.ActiveCfg = Release|Any CPU
		{DBE57FB8-2DDB-4782-B66F-5BA2ABCFA368}.Release|Any CPU.Build.0 = Release|Any CPU
		{2A15FF89-9C14-4B3D-ACEC-88416F1BC3CB}.Debug|Any CPU.ActiveCfg = Debug|Any CPU
		{2A15FF89-9C14-4B3D-ACEC-88416F1BC3CB}.Debug|Any CPU.Build.0 = Debug|Any CPU
		{2A15FF89-9C14-4B3D-ACEC-88416F1BC3CB}.Release|Any CPU.ActiveCfg = Release|Any CPU
		{2A15FF89-9C14-4B3D-ACEC-88416F1BC3CB}.Release|Any CPU.Build.0 = Release|Any CPU
	EndGlobalSection
	GlobalSection(SolutionProperties) = preSolution
		HideSolutionNode = FALSE
	EndGlobalSection
	GlobalSection(ExtensibilityGlobals) = postSolution
		SolutionGuid = {DF2FD06A-AEC0-4A63-8C1C-8DA28620809D}
	EndGlobalSection
EndGlobal
